Microsoft Visual Studio Solution File, Format Version 12.00
# Visual Studio 15
VisualStudioVersion = 15.0.27130.2010
MinimumVisualStudioVersion = 10.0.40219.1
Project("{D954291E-2A0B-460D-934E-DC6B0785DB48}") = "Haibo", "Haibo\Haibo.shproj", "{1CCFA352-5EC7-4118-9FA0-40EDE7EA12C5}"
EndProject
Project("{FAE04EC0-301F-11D3-BF4B-00C04F79EFBC}") = "Haibo.iOS", "iOS\Haibo.iOS.csproj", "{7CF7E038-7799-463C-8153-8534CD9C2082}"
EndProject
Project("{FAE04EC0-301F-11D3-BF4B-00C04F79EFBC}") = "Haibo.Droid", "Droid\Haibo.Droid.csproj", "{D15E2986-6E0B-4678-9F7F-4863F534E2E2}"
EndProject
Project("{9A19103F-16F7-4668-BE54-9A1E7A4F7556}") = "Haibo.MobileAppService", "MobileAppService\Haibo.MobileAppService.csproj", "{96FE49DB-9450-4685-976A-E3CA1943E4D0}"
EndProject
Global
	GlobalSection(SharedMSBuildProjectFiles) = preSolution
		Haibo\Haibo.projitems*{1ccfa352-5ec7-4118-9fa0-40ede7ea12c5}*SharedItemsImports = 13
		Haibo\Haibo.projitems*{7cf7e038-7799-463c-8153-8534cd9c2082}*SharedItemsImports = 4
		Haibo\Haibo.projitems*{d15e2986-6e0b-4678-9f7f-4863f534e2e2}*SharedItemsImports = 4
	EndGlobalSection
	GlobalSection(SolutionConfigurationPlatforms) = preSolution
		Debug|Any CPU = Debug|Any CPU
		Debug|iPhone = Debug|iPhone
		Debug|iPhoneSimulator = Debug|iPhoneSimulator
		Release|Any CPU = Release|Any CPU
		Release|iPhone = Release|iPhone
		Release|iPhoneSimulator = Release|iPhoneSimulator
	EndGlobalSection
	GlobalSection(ProjectConfigurationPlatforms) = postSolution
		{7CF7E038-7799-463C-8153-8534CD9C2082}.Debug|Any CPU.ActiveCfg = Debug|iPhoneSimulator
		{7CF7E038-7799-463C-8153-8534CD9C2082}.Debug|Any CPU.Build.0 = Debug|iPhoneSimulator
		{7CF7E038-7799-463C-8153-8534CD9C2082}.Debug|iPhone.ActiveCfg = Debug|iPhone
		{7CF7E038-7799-463C-8153-8534CD9C2082}.Debug|iPhone.Build.0 = Debug|iPhone
		{7CF7E038-7799-463C-8153-8534CD9C2082}.Debug|iPhoneSimulator.ActiveCfg = Debug|iPhoneSimulator
		{7CF7E038-7799-463C-8153-8534CD9C2082}.Debug|iPhoneSimulator.Build.0 = Debug|iPhoneSimulator
		{7CF7E038-7799-463C-8153-8534CD9C2082}.Release|Any CPU.ActiveCfg = Release|iPhone
		{7CF7E038-7799-463C-8153-8534CD9C2082}.Release|Any CPU.Build.0 = Release|iPhone
		{7CF7E038-7799-463C-8153-8534CD9C2082}.Release|iPhone.ActiveCfg = Release|iPhone
		{7CF7E038-7799-463C-8153-8534CD9C2082}.Release|iPhone.Build.0 = Release|iPhone
		{7CF7E038-7799-463C-8153-8534CD9C2082}.Release|iPhoneSimulator.ActiveCfg = Release|iPhoneSimulator
		{7CF7E038-7799-463C-8153-8534CD9C2082}.Release|iPhoneSimulator.Build.0 = Release|iPhoneSimulator
		{D15E2986-6E0B-4678-9F7F-4863F534E2E2}.Debug|Any CPU.ActiveCfg = Debug|Any CPU
		{D15E2986-6E0B-4678-9F7F-4863F534E2E2}.Debug|Any CPU.Build.0 = Debug|Any CPU
		{D15E2986-6E0B-4678-9F7F-4863F534E2E2}.Debug|Any CPU.Deploy.0 = Debug|Any CPU
		{D15E2986-6E0B-4678-9F7F-4863F534E2E2}.Debug|iPhone.ActiveCfg = Debug|Any CPU
		{D15E2986-6E0B-4678-9F7F-4863F534E2E2}.Debug|iPhone.Build.0 = Debug|Any CPU
		{D15E2986-6E0B-4678-9F7F-4863F534E2E2}.Debug|iPhoneSimulator.ActiveCfg = Debug|Any CPU
		{D15E2986-6E0B-4678-9F7F-4863F534E2E2}.Debug|iPhoneSimulator.Build.0 = Debug|Any CPU
		{D15E2986-6E0B-4678-9F7F-4863F534E2E2}.Release|Any CPU.ActiveCfg = Release|Any CPU
		{D15E2986-6E0B-4678-9F7F-4863F534E2E2}.Release|Any CPU.Build.0 = Release|Any CPU
		{D15E2986-6E0B-4678-9F7F-4863F534E2E2}.Release|iPhone.ActiveCfg = Release|Any CPU
		{D15E2986-6E0B-4678-9F7F-4863F534E2E2}.Release|iPhone.Build.0 = Release|Any CPU
		{D15E2986-6E0B-4678-9F7F-4863F534E2E2}.Release|iPhoneSimulator.ActiveCfg = Release|Any CPU
		{D15E2986-6E0B-4678-9F7F-4863F534E2E2}.Release|iPhoneSimulator.Build.0 = Release|Any CPU
		{96FE49DB-9450-4685-976A-E3CA1943E4D0}.Debug|Any CPU.ActiveCfg = Debug|Any CPU
		{96FE49DB-9450-4685-976A-E3CA1943E4D0}.Debug|Any CPU.Build.0 = Debug|Any CPU
		{96FE49DB-9450-4685-976A-E3CA1943E4D0}.Debug|iPhone.ActiveCfg = Debug|Any CPU
		{96FE49DB-9450-4685-976A-E3CA1943E4D0}.Debug|iPhone.Build.0 = Debug|Any CPU
		{96FE49DB-9450-4685-976A-E3CA1943E4D0}.Debug|iPhoneSimulator.ActiveCfg = Debug|Any CPU
		{96FE49DB-9450-4685-976A-E3CA1943E4D0}.Debug|iPhoneSimulator.Build.0 = Debug|Any CPU
		{96FE49DB-9450-4685-976A-E3CA1943E4D0}.Release|Any CPU.ActiveCfg = Release|Any CPU
		{96FE49DB-9450-4685-976A-E3CA1943E4D0}.Release|Any CPU.Build.0 = Release|Any CPU
		{96FE49DB-9450-4685-976A-E3CA1943E4D0}.Release|iPhone.ActiveCfg = Release|Any CPU
		{96FE49DB-9450-4685-976A-E3CA1943E4D0}.Release|iPhone.Build.0 = Release|Any CPU
		{96FE49DB-9450-4685-976A-E3CA1943E4D0}.Release|iPhoneSimulator.ActiveCfg = Release|Any CPU
		{96FE49DB-9450-4685-976A-E3CA1943E4D0}.Release|iPhoneSimulator.Build.0 = Release|Any CPU
	EndGlobalSection
	GlobalSection(SolutionProperties) = preSolution
		HideSolutionNode = FALSE
	EndGlobalSection
	GlobalSection(ExtensibilityGlobals) = postSolution
		SolutionGuid = {B20BFCDF-653F-435C-A305-A3759DFF6D73}
	EndGlobalSection
EndGlobal
